// !$*UTF8*$!
{
	archiveVersion = 1;
	classes = {
	};
	objectVersion = 46;
	objects = {

/* Begin PBXBuildFile section */
		82E304F717BF938F9FE2E292 /* libPods-QuickResponseCode.a in Frameworks */ = {isa = PBXBuildFile; fileRef = B63C26A0742DBB698C3E3916 /* libPods-QuickResponseCode.a */; };
		EF3D2FEE1BB22D480064EDC0 /* main.m in Sources */ = {isa = PBXBuildFile; fileRef = EF3D2FED1BB22D480064EDC0 /* main.m */; };
		EF3D2FF11BB22D480064EDC0 /* AppDelegate.m in Sources */ = {isa = PBXBuildFile; fileRef = EF3D2FF01BB22D480064EDC0 /* AppDelegate.m */; };
		EF3D2FF41BB22D480064EDC0 /* ViewController.m in Sources */ = {isa = PBXBuildFile; fileRef = EF3D2FF31BB22D480064EDC0 /* ViewController.m */; };
		EF3D2FF71BB22D480064EDC0 /* Main.storyboard in Resources */ = {isa = PBXBuildFile; fileRef = EF3D2FF51BB22D480064EDC0 /* Main.storyboard */; };
		EF3D2FF91BB22D480064EDC0 /* Assets.xcassets in Resources */ = {isa = PBXBuildFile; fileRef = EF3D2FF81BB22D480064EDC0 /* Assets.xcassets */; };
		EF3D2FFC1BB22D480064EDC0 /* LaunchScreen.storyboard in Resources */ = {isa = PBXBuildFile; fileRef = EF3D2FFA1BB22D480064EDC0 /* LaunchScreen.storyboard */; };
		EF3D30071BB22D480064EDC0 /* QuickResponseCodeTests.m in Sources */ = {isa = PBXBuildFile; fileRef = EF3D30061BB22D480064EDC0 /* QuickResponseCodeTests.m */; };
		EF3D30121BB22D480064EDC0 /* QuickResponseCodeUITests.m in Sources */ = {isa = PBXBuildFile; fileRef = EF3D30111BB22D480064EDC0 /* QuickResponseCodeUITests.m */; };
		EF3D30211BB2335E0064EDC0 /* RootViewController.m in Sources */ = {isa = PBXBuildFile; fileRef = EF3D30201BB2335E0064EDC0 /* RootViewController.m */; settings = {ASSET_TAGS = (); }; };
		EF3D30391BB290880064EDC0 /* ScannerViewController.m in Sources */ = {isa = PBXBuildFile; fileRef = EF3D30381BB290880064EDC0 /* ScannerViewController.m */; settings = {ASSET_TAGS = (); }; };
		EF3D303D1BB2915E0064EDC0 /* border.png in Resources */ = {isa = PBXBuildFile; fileRef = EF3D303B1BB2915E0064EDC0 /* border.png */; settings = {ASSET_TAGS = (); }; };
		EF3D303E1BB2915E0064EDC0 /* line.png in Resources */ = {isa = PBXBuildFile; fileRef = EF3D303C1BB2915E0064EDC0 /* line.png */; settings = {ASSET_TAGS = (); }; };
		EF3D30481BB29A0E0064EDC0 /* aceessBtn.png in Resources */ = {isa = PBXBuildFile; fileRef = EF3D303F1BB29A0E0064EDC0 /* aceessBtn.png */; settings = {ASSET_TAGS = (); }; };
		EF3D30491BB29A0E0064EDC0 /* aceessBtn@2x.png in Resources */ = {isa = PBXBuildFile; fileRef = EF3D30401BB29A0E0064EDC0 /* aceessBtn@2x.png */; settings = {ASSET_TAGS = (); }; };
		EF3D304A1BB29A0E0064EDC0 /* aceessBtn@3x.png in Resources */ = {isa = PBXBuildFile; fileRef = EF3D30411BB29A0E0064EDC0 /* aceessBtn@3x.png */; settings = {ASSET_TAGS = (); }; };
		EF3D304B1BB29A0E0064EDC0 /* background.png in Resources */ = {isa = PBXBuildFile; fileRef = EF3D30421BB29A0E0064EDC0 /* background.png */; settings = {ASSET_TAGS = (); }; };
		EF3D304C1BB29A0E0064EDC0 /* background@2x.png in Resources */ = {isa = PBXBuildFile; fileRef = EF3D30431BB29A0E0064EDC0 /* background@2x.png */; settings = {ASSET_TAGS = (); }; };
		EF3D304D1BB29A0E0064EDC0 /* background@3x.png in Resources */ = {isa = PBXBuildFile; fileRef = EF3D30441BB29A0E0064EDC0 /* background@3x.png */; settings = {ASSET_TAGS = (); }; };
		EF3D304E1BB29A0E0064EDC0 /* scanBtn.png in Resources */ = {isa = PBXBuildFile; fileRef = EF3D30451BB29A0E0064EDC0 /* scanBtn.png */; settings = {ASSET_TAGS = (); }; };
		EF3D304F1BB29A0E0064EDC0 /* scanBtn@2x.png in Resources */ = {isa = PBXBuildFile; fileRef = EF3D30461BB29A0E0064EDC0 /* scanBtn@2x.png */; settings = {ASSET_TAGS = (); }; };
		EF3D30501BB29A0E0064EDC0 /* scanBtn@3x.png in Resources */ = {isa = PBXBuildFile; fileRef = EF3D30471BB29A0E0064EDC0 /* scanBtn@3x.png */; settings = {ASSET_TAGS = (); }; };
		EF3D30541BB2A13B0064EDC0 /* txtImg.png in Resources */ = {isa = PBXBuildFile; fileRef = EF3D30511BB2A13B0064EDC0 /* txtImg.png */; settings = {ASSET_TAGS = (); }; };
		EF3D30551BB2A13B0064EDC0 /* txtImg@2x.png in Resources */ = {isa = PBXBuildFile; fileRef = EF3D30521BB2A13B0064EDC0 /* txtImg@2x.png */; settings = {ASSET_TAGS = (); }; };
		EF3D30561BB2A13B0064EDC0 /* txtImg@3x.png in Resources */ = {isa = PBXBuildFile; fileRef = EF3D30531BB2A13B0064EDC0 /* txtImg@3x.png */; settings = {ASSET_TAGS = (); }; };
		EF3D305A1BB2AADA0064EDC0 /* background2.png in Resources */ = {isa = PBXBuildFile; fileRef = EF3D30571BB2AADA0064EDC0 /* background2.png */; settings = {ASSET_TAGS = (); }; };
		EF3D305B1BB2AADA0064EDC0 /* background2@2x.png in Resources */ = {isa = PBXBuildFile; fileRef = EF3D30581BB2AADA0064EDC0 /* background2@2x.png */; settings = {ASSET_TAGS = (); }; };
		EF3D305C1BB2AADA0064EDC0 /* background2@3x.png in Resources */ = {isa = PBXBuildFile; fileRef = EF3D30591BB2AADA0064EDC0 /* background2@3x.png */; settings = {ASSET_TAGS = (); }; };
/* End PBXBuildFile section */

/* Begin PBXContainerItemProxy section */
		EF3D30031BB22D480064EDC0 /* PBXContainerItemProxy */ = {
			isa = PBXContainerItemProxy;
			containerPortal = EF3D2FE11BB22D480064EDC0 /* Project object */;
			proxyType = 1;
			remoteGlobalIDString = EF3D2FE81BB22D480064EDC0;
			remoteInfo = QuickResponseCode;
		};
		EF3D300E1BB22D480064EDC0 /* PBXContainerItemProxy */ = {
			isa = PBXContainerItemProxy;
			containerPortal = EF3D2FE11BB22D480064EDC0 /* Project object */;
			proxyType = 1;
			remoteGlobalIDString = EF3D2FE81BB22D480064EDC0;
			remoteInfo = QuickResponseCode;
		};
/* End PBXContainerItemProxy section */

/* Begin PBXFileReference section */
		2D67CB38025326FE3331818C /* Pods-QuickResponseCode.debug.xcconfig */ = {isa = PBXFileReference; includeInIndex = 1; lastKnownFileType = text.xcconfig; name = "Pods-QuickResponseCode.debug.xcconfig"; path = "Pods/Target Support Files/Pods-QuickResponseCode/Pods-QuickResponseCode.debug.xcconfig"; sourceTree = "<group>"; };
		B63C26A0742DBB698C3E3916 /* libPods-QuickResponseCode.a */ = {isa = PBXFileReference; explicitFileType = archive.ar; includeInIndex = 0; path = "libPods-QuickResponseCode.a"; sourceTree = BUILT_PRODUCTS_DIR; };
		C6C39D0E4D2BCD30C4F232A1 /* Pods-QuickResponseCode.release.xcconfig */ = {isa = PBXFileReference; includeInIndex = 1; lastKnownFileType = text.xcconfig; name = "Pods-QuickResponseCode.release.xcconfig"; path = "Pods/Target Support Files/Pods-QuickResponseCode/Pods-QuickResponseCode.release.xcconfig"; sourceTree = "<group>"; };
		EF3D2FE91BB22D480064EDC0 /* QuickResponseCode.app */ = {isa = PBXFileReference; explicitFileType = wrapper.application; includeInIndex = 0; path = QuickResponseCode.app; sourceTree = BUILT_PRODUCTS_DIR; };
		EF3D2FED1BB22D480064EDC0 /* main.m */ = {isa = PBXFileReference; lastKnownFileType = sourcecode.c.objc; path = main.m; sourceTree = "<group>"; };
		EF3D2FEF1BB22D480064EDC0 /* AppDelegate.h */ = {isa = PBXFileReference; lastKnownFileType = sourcecode.c.h; path = AppDelegate.h; sourceTree = "<group>"; };
		EF3D2FF01BB22D480064EDC0 /* AppDelegate.m */ = {isa = PBXFileReference; lastKnownFileType = sourcecode.c.objc; path = AppDelegate.m; sourceTree = "<group>"; };
		EF3D2FF21BB22D480064EDC0 /* ViewController.h */ = {isa = PBXFileReference; lastKnownFileType = sourcecode.c.h; path = ViewController.h; sourceTree = "<group>"; };
		EF3D2FF31BB22D480064EDC0 /* ViewController.m */ = {isa = PBXFileReference; lastKnownFileType = sourcecode.c.objc; path = ViewController.m; sourceTree = "<group>"; };
		EF3D2FF61BB22D480064EDC0 /* Base */ = {isa = PBXFileReference; lastKnownFileType = file.storyboard; name = Base; path = Base.lproj/Main.storyboard; sourceTree = "<group>"; };
		EF3D2FF81BB22D480064EDC0 /* Assets.xcassets */ = {isa = PBXFileReference; lastKnownFileType = folder.assetcatalog; path = Assets.xcassets; sourceTree = "<group>"; };
		EF3D2FFB1BB22D480064EDC0 /* Base */ = {isa = PBXFileReference; lastKnownFileType = file.storyboard; name = Base; path = Base.lproj/LaunchScreen.storyboard; sourceTree = "<group>"; };
		EF3D2FFD1BB22D480064EDC0 /* Info.plist */ = {isa = PBXFileReference; lastKnownFileType = text.plist.xml; path = Info.plist; sourceTree = "<group>"; };
		EF3D30021BB22D480064EDC0 /* QuickResponseCodeTests.xctest */ = {isa = PBXFileReference; explicitFileType = wrapper.cfbundle; includeInIndex = 0; path = QuickResponseCodeTests.xctest; sourceTree = BUILT_PRODUCTS_DIR; };
		EF3D30061BB22D480064EDC0 /* QuickResponseCodeTests.m */ = {isa = PBXFileReference; lastKnownFileType = sourcecode.c.objc; path = QuickResponseCodeTests.m; sourceTree = "<group>"; };
		EF3D30081BB22D480064EDC0 /* Info.plist */ = {isa = PBXFileReference; lastKnownFileType = text.plist.xml; path = Info.plist; sourceTree = "<group>"; };
		EF3D300D1BB22D480064EDC0 /* QuickResponseCodeUITests.xctest */ = {isa = PBXFileReference; explicitFileType = wrapper.cfbundle; includeInIndex = 0; path = QuickResponseCodeUITests.xctest; sourceTree = BUILT_PRODUCTS_DIR; };
		EF3D30111BB22D480064EDC0 /* QuickResponseCodeUITests.m */ = {isa = PBXFileReference; lastKnownFileType = sourcecode.c.objc; path = QuickResponseCodeUITests.m; sourceTree = "<group>"; };
		EF3D30131BB22D480064EDC0 /* Info.plist */ = {isa = PBXFileReference; lastKnownFileType = text.plist.xml; path = Info.plist; sourceTree = "<group>"; };
		EF3D301F1BB2335E0064EDC0 /* RootViewController.h */ = {isa = PBXFileReference; fileEncoding = 4; lastKnownFileType = sourcecode.c.h; name = RootViewController.h; path = ../RootViewController.h; sourceTree = "<group>"; };
		EF3D30201BB2335E0064EDC0 /* RootViewController.m */ = {isa = PBXFileReference; fileEncoding = 4; lastKnownFileType = sourcecode.c.objc; name = RootViewController.m; path = ../RootViewController.m; sourceTree = "<group>"; };
		EF3D30371BB290880064EDC0 /* ScannerViewController.h */ = {isa = PBXFileReference; fileEncoding = 4; lastKnownFileType = sourcecode.c.h; path = ScannerViewController.h; sourceTree = SOURCE_ROOT; };
		EF3D30381BB290880064EDC0 /* ScannerViewController.m */ = {isa = PBXFileReference; fileEncoding = 4; lastKnownFileType = sourcecode.c.objc; path = ScannerViewController.m; sourceTree = SOURCE_ROOT; };
		EF3D303B1BB2915E0064EDC0 /* border.png */ = {isa = PBXFileReference; lastKnownFileType = image.png; name = border.png; path = images/border.png; sourceTree = "<group>"; };
		EF3D303C1BB2915E0064EDC0 /* line.png */ = {isa = PBXFileReference; lastKnownFileType = image.png; name = line.png; path = images/line.png; sourceTree = "<group>"; };
		EF3D303F1BB29A0E0064EDC0 /* aceessBtn.png */ = {isa = PBXFileReference; lastKnownFileType = image.png; name = aceessBtn.png; path = images/aceessBtn.png; sourceTree = "<group>"; };
		EF3D30401BB29A0E0064EDC0 /* aceessBtn@2x.png */ = {isa = PBXFileReference; lastKnownFileType = image.png; name = "aceessBtn@2x.png"; path = "images/aceessBtn@2x.png"; sourceTree = "<group>"; };
		EF3D30411BB29A0E0064EDC0 /* aceessBtn@3x.png */ = {isa = PBXFileReference; lastKnownFileType = image.png; name = "aceessBtn@3x.png"; path = "images/aceessBtn@3x.png"; sourceTree = "<group>"; };
		EF3D30421BB29A0E0064EDC0 /* background.png */ = {isa = PBXFileReference; lastKnownFileType = image.png; name = background.png; path = images/background.png; sourceTree = "<group>"; };
		EF3D30431BB29A0E0064EDC0 /* background@2x.png */ = {isa = PBXFileReference; lastKnownFileType = image.png; name = "background@2x.png"; path = "images/background@2x.png"; sourceTree = "<group>"; };
		EF3D30441BB29A0E0064EDC0 /* background@3x.png */ = {isa = PBXFileReference; lastKnownFileType = image.png; name = "background@3x.png"; path = "images/background@3x.png"; sourceTree = "<group>"; };
		EF3D30451BB29A0E0064EDC0 /* scanBtn.png */ = {isa = PBXFileReference; lastKnownFileType = image.png; name = scanBtn.png; path = images/scanBtn.png; sourceTree = "<group>"; };
		EF3D30461BB29A0E0064EDC0 /* scanBtn@2x.png */ = {isa = PBXFileReference; lastKnownFileType = image.png; name = "scanBtn@2x.png"; path = "images/scanBtn@2x.png"; sourceTree = "<group>"; };
		EF3D30471BB29A0E0064EDC0 /* scanBtn@3x.png */ = {isa = PBXFileReference; lastKnownFileType = image.png; name = "scanBtn@3x.png"; path = "images/scanBtn@3x.png"; sourceTree = "<group>"; };
		EF3D30511BB2A13B0064EDC0 /* txtImg.png */ = {isa = PBXFileReference; lastKnownFileType = image.png; name = txtImg.png; path = images/txtImg.png; sourceTree = "<group>"; };
		EF3D30521BB2A13B0064EDC0 /* txtImg@2x.png */ = {isa = PBXFileReference; lastKnownFileType = image.png; name = "txtImg@2x.png"; path = "images/txtImg@2x.png"; sourceTree = "<group>"; };
		EF3D30531BB2A13B0064EDC0 /* txtImg@3x.png */ = {isa = PBXFileReference; lastKnownFileType = image.png; name = "txtImg@3x.png"; path = "images/txtImg@3x.png"; sourceTree = "<group>"; };
		EF3D30571BB2AADA0064EDC0 /* background2.png */ = {isa = PBXFileReference; lastKnownFileType = image.png; name = background2.png; path = images/background2.png; sourceTree = "<group>"; };
		EF3D30581BB2AADA0064EDC0 /* background2@2x.png */ = {isa = PBXFileReference; lastKnownFileType = image.png; name = "background2@2x.png"; path = "images/background2@2x.png"; sourceTree = "<group>"; };
		EF3D30591BB2AADA0064EDC0 /* background2@3x.png */ = {isa = PBXFileReference; lastKnownFileType = image.png; name = "background2@3x.png"; path = "images/background2@3x.png"; sourceTree = "<group>"; };
/* End PBXFileReference section */

/* Begin PBXFrameworksBuildPhase section */
		EF3D2FE61BB22D480064EDC0 /* Frameworks */ = {
			isa = PBXFrameworksBuildPhase;
			buildActionMask = 2147483647;
			files = (
				82E304F717BF938F9FE2E292 /* libPods-QuickResponseCode.a in Frameworks */,
			);
			runOnlyForDeploymentPostprocessing = 0;
		};
		EF3D2FFF1BB22D480064EDC0 /* Frameworks */ = {
			isa = PBXFrameworksBuildPhase;
			buildActionMask = 2147483647;
			files = (
			);
			runOnlyForDeploymentPostprocessing = 0;
		};
		EF3D300A1BB22D480064EDC0 /* Frameworks */ = {
			isa = PBXFrameworksBuildPhase;
			buildActionMask = 2147483647;
			files = (
			);
			runOnlyForDeploymentPostprocessing = 0;
		};
/* End PBXFrameworksBuildPhase section */

/* Begin PBXGroup section */
		131CD2DB6B8B50BE4645FC02 /* Frameworks */ = {
			isa = PBXGroup;
			children = (
				B63C26A0742DBB698C3E3916 /* libPods-QuickResponseCode.a */,
			);
			name = Frameworks;
			sourceTree = "<group>";
		};
		50140F93DEDC10433A66AF5E /* Pods */ = {
			isa = PBXGroup;
			children = (
				2D67CB38025326FE3331818C /* Pods-QuickResponseCode.debug.xcconfig */,
				C6C39D0E4D2BCD30C4F232A1 /* Pods-QuickResponseCode.release.xcconfig */,
			);
			name = Pods;
			sourceTree = "<group>";
		};
		EF3D2FE01BB22D480064EDC0 = {
			isa = PBXGroup;
			children = (
				EF3D303A1BB2914B0064EDC0 /* images */,
				EF3D2FEB1BB22D480064EDC0 /* QuickResponseCode */,
				EF3D30051BB22D480064EDC0 /* QuickResponseCodeTests */,
				EF3D30101BB22D480064EDC0 /* QuickResponseCodeUITests */,
				EF3D2FEA1BB22D480064EDC0 /* Products */,
				50140F93DEDC10433A66AF5E /* Pods */,
				131CD2DB6B8B50BE4645FC02 /* Frameworks */,
			);
			sourceTree = "<group>";
		};
		EF3D2FEA1BB22D480064EDC0 /* Products */ = {
			isa = PBXGroup;
			children = (
				EF3D2FE91BB22D480064EDC0 /* QuickResponseCode.app */,
				EF3D30021BB22D480064EDC0 /* QuickResponseCodeTests.xctest */,
				EF3D300D1BB22D480064EDC0 /* QuickResponseCodeUITests.xctest */,
			);
			name = Products;
			sourceTree = "<group>";
		};
		EF3D2FEB1BB22D480064EDC0 /* QuickResponseCode */ = {
			isa = PBXGroup;
			children = (
				EF3D30371BB290880064EDC0 /* ScannerViewController.h */,
				EF3D30381BB290880064EDC0 /* ScannerViewController.m */,
				EF3D2FEF1BB22D480064EDC0 /* AppDelegate.h */,
				EF3D2FF01BB22D480064EDC0 /* AppDelegate.m */,
				EF3D301F1BB2335E0064EDC0 /* RootViewController.h */,
				EF3D30201BB2335E0064EDC0 /* RootViewController.m */,
				EF3D2FF21BB22D480064EDC0 /* ViewController.h */,
				EF3D2FF31BB22D480064EDC0 /* ViewController.m */,
				EF3D2FF51BB22D480064EDC0 /* Main.storyboard */,
				EF3D2FF81BB22D480064EDC0 /* Assets.xcassets */,
				EF3D2FFA1BB22D480064EDC0 /* LaunchScreen.storyboard */,
				EF3D2FFD1BB22D480064EDC0 /* Info.plist */,
				EF3D2FEC1BB22D480064EDC0 /* Supporting Files */,
			);
			path = QuickResponseCode;
			sourceTree = "<group>";
		};
		EF3D2FEC1BB22D480064EDC0 /* Supporting Files */ = {
			isa = PBXGroup;
			children = (
				EF3D2FED1BB22D480064EDC0 /* main.m */,
			);
			name = "Supporting Files";
			sourceTree = "<group>";
		};
		EF3D30051BB22D480064EDC0 /* QuickResponseCodeTests */ = {
			isa = PBXGroup;
			children = (
				EF3D30061BB22D480064EDC0 /* QuickResponseCodeTests.m */,
				EF3D30081BB22D480064EDC0 /* Info.plist */,
			);
			path = QuickResponseCodeTests;
			sourceTree = "<group>";
		};
		EF3D30101BB22D480064EDC0 /* QuickResponseCodeUITests */ = {
			isa = PBXGroup;
			children = (
				EF3D30111BB22D480064EDC0 /* QuickResponseCodeUITests.m */,
				EF3D30131BB22D480064EDC0 /* Info.plist */,
			);
			path = QuickResponseCodeUITests;
			sourceTree = "<group>";
		};
		EF3D303A1BB2914B0064EDC0 /* images */ = {
			isa = PBXGroup;
			children = (
				EF3D30571BB2AADA0064EDC0 /* background2.png */,
				EF3D30581BB2AADA0064EDC0 /* background2@2x.png */,
				EF3D30591BB2AADA0064EDC0 /* background2@3x.png */,
				EF3D30511BB2A13B0064EDC0 /* txtImg.png */,
				EF3D30521BB2A13B0064EDC0 /* txtImg@2x.png */,
				EF3D30531BB2A13B0064EDC0 /* txtImg@3x.png */,
				EF3D303F1BB29A0E0064EDC0 /* aceessBtn.png */,
				EF3D30401BB29A0E0064EDC0 /* aceessBtn@2x.png */,
				EF3D30411BB29A0E0064EDC0 /* aceessBtn@3x.png */,
				EF3D30421BB29A0E0064EDC0 /* background.png */,
				EF3D30431BB29A0E0064EDC0 /* background@2x.png */,
				EF3D30441BB29A0E0064EDC0 /* background@3x.png */,
				EF3D30451BB29A0E0064EDC0 /* scanBtn.png */,
				EF3D30461BB29A0E0064EDC0 /* scanBtn@2x.png */,
				EF3D30471BB29A0E0064EDC0 /* scanBtn@3x.png */,
				EF3D303B1BB2915E0064EDC0 /* border.png */,
				EF3D303C1BB2915E0064EDC0 /* line.png */,
			);
			name = images;
			sourceTree = "<group>";
		};
/* End PBXGroup section */

/* Begin PBXNativeTarget section */
		EF3D2FE81BB22D480064EDC0 /* QuickResponseCode */ = {
			isa = PBXNativeTarget;
			buildConfigurationList = EF3D30161BB22D480064EDC0 /* Build configuration list for PBXNativeTarget "QuickResponseCode" */;
			buildPhases = (
				0A3E976E629A5CFB54B9587C /* Check Pods Manifest.lock */,
				EF3D2FE51BB22D480064EDC0 /* Sources */,
				EF3D2FE61BB22D480064EDC0 /* Frameworks */,
				EF3D2FE71BB22D480064EDC0 /* Resources */,
				2A0C7592A974D12E8F4D5E45 /* Copy Pods Resources */,
			);
			buildRules = (
			);
			dependencies = (
			);
			name = QuickResponseCode;
			productName = QuickResponseCode;
			productReference = EF3D2FE91BB22D480064EDC0 /* QuickResponseCode.app */;
			productType = "com.apple.product-type.application";
		};
		EF3D30011BB22D480064EDC0 /* QuickResponseCodeTests */ = {
			isa = PBXNativeTarget;
			buildConfigurationList = EF3D30191BB22D480064EDC0 /* Build configuration list for PBXNativeTarget "QuickResponseCodeTests" */;
			buildPhases = (
				EF3D2FFE1BB22D480064EDC0 /* Sources */,
				EF3D2FFF1BB22D480064EDC0 /* Frameworks */,
				EF3D30001BB22D480064EDC0 /* Resources */,
			);
			buildRules = (
			);
			dependencies = (
				EF3D30041BB22D480064EDC0 /* PBXTargetDependency */,
			);
			name = QuickResponseCodeTests;
			productName = QuickResponseCodeTests;
			productReference = EF3D30021BB22D480064EDC0 /* QuickResponseCodeTests.xctest */;
			productType = "com.apple.product-type.bundle.unit-test";
		};
		EF3D300C1BB22D480064EDC0 /* QuickResponseCodeUITests */ = {
			isa = PBXNativeTarget;
			buildConfigurationList = EF3D301C1BB22D480064EDC0 /* Build configuration list for PBXNativeTarget "QuickResponseCodeUITests" */;
			buildPhases = (
				EF3D30091BB22D480064EDC0 /* Sources */,
				EF3D300A1BB22D480064EDC0 /* Frameworks */,
				EF3D300B1BB22D480064EDC0 /* Resources */,
			);
			buildRules = (
			);
			dependencies = (
				EF3D300F1BB22D480064EDC0 /* PBXTargetDependency */,
			);
			name = QuickResponseCodeUITests;
			productName = QuickResponseCodeUITests;
			productReference = EF3D300D1BB22D480064EDC0 /* QuickResponseCodeUITests.xctest */;
			productType = "com.apple.product-type.bundle.ui-testing";
		};
/* End PBXNativeTarget section */

/* Begin PBXProject section */
		EF3D2FE11BB22D480064EDC0 /* Project object */ = {
			isa = PBXProject;
			attributes = {
				LastUpgradeCheck = 0700;
				ORGANIZATIONNAME = WangZhengHong;
				TargetAttributes = {
					EF3D2FE81BB22D480064EDC0 = {
						CreatedOnToolsVersion = 7.0;
					};
					EF3D30011BB22D480064EDC0 = {
						CreatedOnToolsVersion = 7.0;
						TestTargetID = EF3D2FE81BB22D480064EDC0;
					};
					EF3D300C1BB22D480064EDC0 = {
						CreatedOnToolsVersion = 7.0;
						TestTargetID = EF3D2FE81BB22D480064EDC0;
					};
				};
			};
			buildConfigurationList = EF3D2FE41BB22D480064EDC0 /* Build configuration list for PBXProject "QuickResponseCode" */;
			compatibilityVersion = "Xcode 3.2";
			developmentRegion = English;
			hasScannedForEncodings = 0;
			knownRegions = (
				en,
				Base,
			);
			mainGroup = EF3D2FE01BB22D480064EDC0;
			productRefGroup = EF3D2FEA1BB22D480064EDC0 /* Products */;
			projectDirPath = "";
			projectRoot = "";
			targets = (
				EF3D2FE81BB22D480064EDC0 /* QuickResponseCode */,
				EF3D30011BB22D480064EDC0 /* QuickResponseCodeTests */,
				EF3D300C1BB22D480064EDC0 /* QuickResponseCodeUITests */,
			);
		};
/* End PBXProject section */

/* Begin PBXResourcesBuildPhase section */
		EF3D2FE71BB22D480064EDC0 /* Resources */ = {
			isa = PBXResourcesBuildPhase;
			buildActionMask = 2147483647;
			files = (
				EF3D30561BB2A13B0064EDC0 /* txtImg@3x.png in Resources */,
				EF3D2FFC1BB22D480064EDC0 /* LaunchScreen.storyboard in Resources */,
				EF3D303E1BB2915E0064EDC0 /* line.png in Resources */,
				EF3D304D1BB29A0E0064EDC0 /* background@3x.png in Resources */,
				EF3D2FF91BB22D480064EDC0 /* Assets.xcassets in Resources */,
				EF3D2FF71BB22D480064EDC0 /* Main.storyboard in Resources */,
				EF3D30481BB29A0E0064EDC0 /* aceessBtn.png in Resources */,
				EF3D305B1BB2AADA0064EDC0 /* background2@2x.png in Resources */,
				EF3D30491BB29A0E0064EDC0 /* aceessBtn@2x.png in Resources */,
				EF3D30551BB2A13B0064EDC0 /* txtImg@2x.png in Resources */,
				EF3D305C1BB2AADA0064EDC0 /* background2@3x.png in Resources */,
				EF3D30501BB29A0E0064EDC0 /* scanBtn@3x.png in Resources */,
				EF3D305A1BB2AADA0064EDC0 /* background2.png in Resources */,
				EF3D304A1BB29A0E0064EDC0 /* aceessBtn@3x.png in Resources */,
				EF3D304B1BB29A0E0064EDC0 /* background.png in Resources */,
				EF3D304F1BB29A0E0064EDC0 /* scanBtn@2x.png in Resources */,
				EF3D304C1BB29A0E0064EDC0 /* background@2x.png in Resources */,
				EF3D30541BB2A13B0064EDC0 /* txtImg.png in Resources */,
				EF3D303D1BB2915E0064EDC0 /* border.png in Resources */,
				EF3D304E1BB29A0E0064EDC0 /* scanBtn.png in Resources */,
			);
			runOnlyForDeploymentPostprocessing = 0;
		};
		EF3D30001BB22D480064EDC0 /* Resources */ = {
			isa = PBXResourcesBuildPhase;
			buildActionMask = 2147483647;
			files = (
			);
			runOnlyForDeploymentPostprocessing = 0;
		};
		EF3D300B1BB22D480064EDC0 /* Resources */ = {
			isa = PBXResourcesBuildPhase;
			buildActionMask = 2147483647;
			files = (
			);
			runOnlyForDeploymentPostprocessing = 0;
		};
/* End PBXResourcesBuildPhase section */

/* Begin PBXShellScriptBuildPhase section */
		0A3E976E629A5CFB54B9587C /* Check Pods Manifest.lock */ = {
			isa = PBXShellScriptBuildPhase;
			buildActionMask = 2147483647;
			files = (
			);
			inputPaths = (
			);
			name = "Check Pods Manifest.lock";
			outputPaths = (
			);
			runOnlyForDeploymentPostprocessing = 0;
			shellPath = /bin/sh;
			shellScript = "diff \"${PODS_ROOT}/../Podfile.lock\" \"${PODS_ROOT}/Manifest.lock\" > /dev/null\nif [[ $? != 0 ]] ; then\n    cat << EOM\nerror: The sandbox is not in sync with the Podfile.lock. Run 'pod install' or update your CocoaPods installation.\nEOM\n    exit 1\nfi\n";
			showEnvVarsInLog = 0;
		};
		2A0C7592A974D12E8F4D5E45 /* Copy Pods Resources */ = {
			isa = PBXShellScriptBuildPhase;
			buildActionMask = 2147483647;
			files = (
			);
			inputPaths = (
			);
			name = "Copy Pods Resources";
			outputPaths = (
			);
			runOnlyForDeploymentPostprocessing = 0;
			shellPath = /bin/sh;
			shellScript = "\"${SRCROOT}/Pods/Target Support Files/Pods-QuickResponseCode/Pods-QuickResponseCode-resources.sh\"\n";
			showEnvVarsInLog = 0;
		};
/* End PBXShellScriptBuildPhase section */

/* Begin PBXSourcesBuildPhase section */
		EF3D2FE51BB22D480064EDC0 /* Sources */ = {
			isa = PBXSourcesBuildPhase;
			buildActionMask = 2147483647;
			files = (
				EF3D2FF41BB22D480064EDC0 /* ViewController.m in Sources */,
				EF3D30391BB290880064EDC0 /* ScannerViewController.m in Sources */,
				EF3D2FF11BB22D480064EDC0 /* AppDelegate.m in Sources */,
				EF3D30211BB2335E0064EDC0 /* RootViewController.m in Sources */,
				EF3D2FEE1BB22D480064EDC0 /* main.m in Sources */,
			);
			runOnlyForDeploymentPostprocessing = 0;
		};
		EF3D2FFE1BB22D480064EDC0 /* Sources */ = {
			isa = PBXSourcesBuildPhase;
			buildActionMask = 2147483647;
			files = (
				EF3D30071BB22D480064EDC0 /* QuickResponseCodeTests.m in Sources */,
			);
			runOnlyForDeploymentPostprocessing = 0;
		};
		EF3D30091BB22D480064EDC0 /* Sources */ = {
			isa = PBXSourcesBuildPhase;
			buildActionMask = 2147483647;
			files = (
				EF3D30121BB22D480064EDC0 /* QuickResponseCodeUITests.m in Sources */,
			);
			runOnlyForDeploymentPostprocessing = 0;
		};
/* End PBXSourcesBuildPhase section */

/* Begin PBXTargetDependency section */
		EF3D30041BB22D480064EDC0 /* PBXTargetDependency */ = {
			isa = PBXTargetDependency;
			target = EF3D2FE81BB22D480064EDC0 /* QuickResponseCode */;
			targetProxy = EF3D30031BB22D480064EDC0 /* PBXContainerItemProxy */;
		};
		EF3D300F1BB22D480064EDC0 /* PBXTargetDependency */ = {
			isa = PBXTargetDependency;
			target = EF3D2FE81BB22D480064EDC0 /* QuickResponseCode */;
			targetProxy = EF3D300E1BB22D480064EDC0 /* PBXContainerItemProxy */;
		};
/* End PBXTargetDependency section */

/* Begin PBXVariantGroup section */
		EF3D2FF51BB22D480064EDC0 /* Main.storyboard */ = {
			isa = PBXVariantGroup;
			children = (
				EF3D2FF61BB22D480064EDC0 /* Base */,
			);
			name = Main.storyboard;
			sourceTree = "<group>";
		};
		EF3D2FFA1BB22D480064EDC0 /* LaunchScreen.storyboard */ = {
			isa = PBXVariantGroup;
			children = (
				EF3D2FFB1BB22D480064EDC0 /* Base */,
			);
			name = LaunchScreen.storyboard;
			sourceTree = "<group>";
		};
/* End PBXVariantGroup section */

/* Begin XCBuildConfiguration section */
		EF3D30141BB22D480064EDC0 /* Debug */ = {
			isa = XCBuildConfiguration;
			buildSettings = {
				ALWAYS_SEARCH_USER_PATHS = NO;
				CLANG_CXX_LANGUAGE_STANDARD = "gnu++0x";
				CLANG_CXX_LIBRARY = "libc++";
				CLANG_ENABLE_MODULES = YES;
				CLANG_ENABLE_OBJC_ARC = YES;
				CLANG_WARN_BOOL_CONVERSION = YES;
				CLANG_WARN_CONSTANT_CONVERSION = YES;
				CLANG_WARN_DIRECT_OBJC_ISA_USAGE = YES_ERROR;
				CLANG_WARN_EMPTY_BODY = YES;
				CLANG_WARN_ENUM_CONVERSION = YES;
				CLANG_WARN_INT_CONVERSION = YES;
				CLANG_WARN_OBJC_ROOT_CLASS = YES_ERROR;
				CLANG_WARN_UNREACHABLE_CODE = YES;
				CLANG_WARN__DUPLICATE_METHOD_MATCH = YES;
				"CODE_SIGN_IDENTITY[sdk=iphoneos*]" = "iPhone Developer";
				COPY_PHASE_STRIP = NO;
				DEBUG_INFORMATION_FORMAT = dwarf;
				ENABLE_STRICT_OBJC_MSGSEND = YES;
				ENABLE_TESTABILITY = YES;
				GCC_C_LANGUAGE_STANDARD = gnu99;
				GCC_DYNAMIC_NO_PIC = NO;
				GCC_NO_COMMON_BLOCKS = YES;
				GCC_OPTIMIZATION_LEVEL = 0;
				GCC_PREPROCESSOR_DEFINITIONS = (
					"DEBUG=1",
					"$(inherited)",
				);
				GCC_WARN_64_TO_32_BIT_CONVERSION = YES;
				GCC_WARN_ABOUT_RETURN_TYPE = YES_ERROR;
				GCC_WARN_UNDECLARED_SELECTOR = YES;
				GCC_WARN_UNINITIALIZED_AUTOS = YES_AGGRESSIVE;
				GCC_WARN_UNUSED_FUNCTION = YES;
				GCC_WARN_UNUSED_VARIABLE = YES;
				IPHONEOS_DEPLOYMENT_TARGET = 9.0;
				MTL_ENABLE_DEBUG_INFO = YES;
				ONLY_ACTIVE_ARCH = YES;
				SDKROOT = iphoneos;
			};
			name = Debug;
		};
		EF3D30151BB22D480064EDC0 /* Release */ = {
			isa = XCBuildConfiguration;
			buildSettings = {
				ALWAYS_SEARCH_USER_PATHS = NO;
				CLANG_CXX_LANGUAGE_STANDARD = "gnu++0x";
				CLANG_CXX_LIBRARY = "libc++";
				CLANG_ENABLE_MODULES = YES;
				CLANG_ENABLE_OBJC_ARC = YES;
				CLANG_WARN_BOOL_CONVERSION = YES;
				CLANG_WARN_CONSTANT_CONVERSION = YES;
				CLANG_WARN_DIRECT_OBJC_ISA_USAGE = YES_ERROR;
				CLANG_WARN_EMPTY_BODY = YES;
				CLANG_WARN_ENUM_CONVERSION = YES;
				CLANG_WARN_INT_CONVERSION = YES;
				CLANG_WARN_OBJC_ROOT_CLASS = YES_ERROR;
				CLANG_WARN_UNREACHABLE_CODE = YES;
				CLANG_WARN__DUPLICATE_METHOD_MATCH = YES;
				"CODE_SIGN_IDENTITY[sdk=iphoneos*]" = "iPhone Developer";
				COPY_PHASE_STRIP = NO;
				DEBUG_INFORMATION_FORMAT = "dwarf-with-dsym";
				ENABLE_NS_ASSERTIONS = NO;
				ENABLE_STRICT_OBJC_MSGSEND = YES;
				GCC_C_LANGUAGE_STANDARD = gnu99;
				GCC_NO_COMMON_BLOCKS = YES;
				GCC_WARN_64_TO_32_BIT_CONVERSION = YES;
				GCC_WARN_ABOUT_RETURN_TYPE = YES_ERROR;
				GCC_WARN_UNDECLARED_SELECTOR = YES;
				GCC_WARN_UNINITIALIZED_AUTOS = YES_AGGRESSIVE;
				GCC_WARN_UNUSED_FUNCTION = YES;
				GCC_WARN_UNUSED_VARIABLE = YES;
				IPHONEOS_DEPLOYMENT_TARGET = 9.0;
				MTL_ENABLE_DEBUG_INFO = NO;
				SDKROOT = iphoneos;
				VALIDATE_PRODUCT = YES;
			};
			name = Release;
		};
		EF3D30171BB22D480064EDC0 /* Debug */ = {
			isa = XCBuildConfiguration;
			baseConfigurationReference = 2D67CB38025326FE3331818C /* Pods-QuickResponseCode.debug.xcconfig */;
			buildSettings = {
				ASSETCATALOG_COMPILER_APPICON_NAME = AppIcon;
				INFOPLIST_FILE = QuickResponseCode/Info.plist;
				IPHONEOS_DEPLOYMENT_TARGET = 7.1;
				LD_RUNPATH_SEARCH_PATHS = "$(inherited) @executable_path/Frameworks";
				PRODUCT_BUNDLE_IDENTIFIER = PSVHL63CLJ.net.52swift.app.Quick2dCode.QuickResponseCode;
				PRODUCT_NAME = "$(TARGET_NAME)";
			};
			name = Debug;
		};
		EF3D30181BB22D480064EDC0 /* Release */ = {
			isa = XCBuildConfiguration;
			baseConfigurationReference = C6C39D0E4D2BCD30C4F232A1 /* Pods-QuickResponseCode.release.xcconfig */;
			buildSettings = {
				ASSETCATALOG_COMPILER_APPICON_NAME = AppIcon;
				INFOPLIST_FILE = QuickResponseCode/Info.plist;
				IPHONEOS_DEPLOYMENT_TARGET = 7.1;
				LD_RUNPATH_SEARCH_PATHS = "$(inherited) @executable_path/Frameworks";
				PRODUCT_BUNDLE_IDENTIFIER = PSVHL63CLJ.net.52swift.app.Quick2dCode.QuickResponseCode;
				PRODUCT_NAME = "$(TARGET_NAME)";
			};
			name = Release;
		};
		EF3D301A1BB22D480064EDC0 /* Debug */ = {
			isa = XCBuildConfiguration;
			buildSettings = {
				BUNDLE_LOADER = "$(TEST_HOST)";
				INFOPLIST_FILE = QuickResponseCodeTests/Info.plist;
				LD_RUNPATH_SEARCH_PATHS = "$(inherited) @executable_path/Frameworks @loader_path/Frameworks";
				PRODUCT_BUNDLE_IDENTIFIER = PSVHL63CLJ.net.52swift.app.Quick2dCode.QuickResponseCodeTests;
				PRODUCT_NAME = "$(TARGET_NAME)";
				TEST_HOST = "$(BUILT_PRODUCTS_DIR)/QuickResponseCode.app/QuickResponseCode";
			};
			name = Debug;
		};
		EF3D301B1BB22D480064EDC0 /* Release */ = {
			isa = XCBuildConfiguration;
			buildSettings = {
				BUNDLE_LOADER = "$(TEST_HOST)";
				INFOPLIST_FILE = QuickResponseCodeTests/Info.plist;
				LD_RUNPATH_SEARCH_PATHS = "$(inherited) @executable_path/Frameworks @loader_path/Frameworks";
				PRODUCT_BUNDLE_IDENTIFIER = PSVHL63CLJ.net.52swift.app.Quick2dCode.QuickResponseCodeTests;
				PRODUCT_NAME = "$(TARGET_NAME)";
				TEST_HOST = "$(BUILT_PRODUCTS_DIR)/QuickResponseCode.app/QuickResponseCode";
			};
			name = Release;
		};
		EF3D301D1BB22D480064EDC0 /* Debug */ = {
			isa = XCBuildConfiguration;
			buildSettings = {
				INFOPLIST_FILE = QuickResponseCodeUITests/Info.plist;
				LD_RUNPATH_SEARCH_PATHS = "$(inherited) @executable_path/Frameworks @loader_path/Frameworks";
				PRODUCT_BUNDLE_IDENTIFIER = PSVHL63CLJ.net.52swift.app.Quick2dCode.QuickResponseCodeUITests;
				PRODUCT_NAME = "$(TARGET_NAME)";
				TEST_TARGET_NAME = QuickResponseCode;
				USES_XCTRUNNER = YES;
			};
			name = Debug;
		};
		EF3D301E1BB22D480064EDC0 /* Release */ = {
			isa = XCBuildConfiguration;
			buildSettings = {
				INFOPLIST_FILE = QuickResponseCodeUITests/Info.plist;
				LD_RUNPATH_SEARCH_PATHS = "$(inherited) @executable_path/Frameworks @loader_path/Frameworks";
				PRODUCT_BUNDLE_IDENTIFIER = PSVHL63CLJ.net.52swift.app.Quick2dCode.QuickResponseCodeUITests;
				PRODUCT_NAME = "$(TARGET_NAME)";
				TEST_TARGET_NAME = QuickResponseCode;
				USES_XCTRUNNER = YES;
			};
			name = Release;
		};
/* End XCBuildConfiguration section */

/* Begin XCConfigurationList section */
		EF3D2FE41BB22D480064EDC0 /* Build configuration list for PBXProject "QuickResponseCode" */ = {
			isa = XCConfigurationList;
			buildConfigurations = (
				EF3D30141BB22D480064EDC0 /* Debug */,
				EF3D30151BB22D480064EDC0 /* Release */,
			);
			defaultConfigurationIsVisible = 0;
			defaultConfigurationName = Release;
		};
		EF3D30161BB22D480064EDC0 /* Build configuration list for PBXNativeTarget "QuickResponseCode" */ = {
			isa = XCConfigurationList;
			buildConfigurations = (
				EF3D30171BB22D480064EDC0 /* Debug */,
				EF3D30181BB22D480064EDC0 /* Release */,
			);
			defaultConfigurationIsVisible = 0;
			defaultConfigurationName = Release;
		};
		EF3D30191BB22D480064EDC0 /* Build configuration list for PBXNativeTarget "QuickResponseCodeTests" */ = {
			isa = XCConfigurationList;
			buildConfigurations = (
				EF3D301A1BB22D480064EDC0 /* Debug */,
				EF3D301B1BB22D480064EDC0 /* Release */,
			);
			defaultConfigurationIsVisible = 0;
			defaultConfigurationName = Release;
		};
		EF3D301C1BB22D480064EDC0 /* Build configuration list for PBXNativeTarget "QuickResponseCodeUITests" */ = {
			isa = XCConfigurationList;
			buildConfigurations = (
				EF3D301D1BB22D480064EDC0 /* Debug */,
				EF3D301E1BB22D480064EDC0 /* Release */,
			);
			defaultConfigurationIsVisible = 0;
			defaultConfigurationName = Release;
		};
/* End XCConfigurationList section */
	};
	rootObject = EF3D2FE11BB22D480064EDC0 /* Project object */;
}
